
Microsoft Visual Studio Solution File, Format Version 12.00
# Visual Studio 15
VisualStudioVersion = 15.0.27703.2026
MinimumVisualStudioVersion = 10.0.40219.1
Project("{FAE04EC0-301F-11D3-BF4B-00C04F79EFBC}") = "Polygons", "Polygons\Polygons.csproj", "{1E913979-DC9C-43A3-B784-4D8D4B9A3671}"
EndProject
Global
	GlobalSection(SolutionConfigurationPlatforms) = preSolution
		Debug|Any CPU = Debug|Any CPU
		Release|Any CPU = Release|Any CPU
	EndGlobalSection
	GlobalSection(ProjectConfigurationPlatforms) = postSolution
		{1E913979-DC9C-43A3-B784-4D8D4B9A3671}.Debug|Any CPU.ActiveCfg = Debug|Any CPU
		{1E913979-DC9C-43A3-B784-4D8D4B9A3671}.Debug|Any CPU.Build.0 = Debug|Any CPU
		{1E913979-DC9C-43A3-B784-4D8D4B9A3671}.Release|Any CPU.ActiveCfg = Release|Any CPU
		{1E913979-DC9C-43A3-B784-4D8D4B9A3671}.Release|Any CPU.Build.0 = Release|Any CPU
	EndGlobalSection
	GlobalSection(SolutionProperties) = preSolution
		HideSolutionNode = FALSE
	EndGlobalSection
	GlobalSection(ExtensibilityGlobals) = postSolution
		SolutionGuid = {EA7FBE7D-E08E-4A40-9F90-5380446BA319}
	EndGlobalSection
EndGlobal
